
Microsoft Visual Studio Solution File, Format Version 12.00
# Visual Studio 15
VisualStudioVersion = 15.0.27004.2010
MinimumVisualStudioVersion = 10.0.40219.1
Project("{FAE04EC0-301F-11D3-BF4B-00C04F79EFBC}") = "LP_TP1F2_Farmacia", "LP_TP1F2_Farmacia\LP_TP1F2_Farmacia.csproj", "{DF8E66B7-C6E1-4EA7-AE7E-1446B1101899}"
EndProject
Global
	GlobalSection(SolutionConfigurationPlatforms) = preSolution
		Debug|Any CPU = Debug|Any CPU
		Release|Any CPU = Release|Any CPU
	EndGlobalSection
	GlobalSection(ProjectConfigurationPlatforms) = postSolution
		{DF8E66B7-C6E1-4EA7-AE7E-1446B1101899}.Debug|Any CPU.ActiveCfg = Debug|Any CPU
		{DF8E66B7-C6E1-4EA7-AE7E-1446B1101899}.Debug|Any CPU.Build.0 = Debug|Any CPU
		{DF8E66B7-C6E1-4EA7-AE7E-1446B1101899}.Release|Any CPU.ActiveCfg = Release|Any CPU
		{DF8E66B7-C6E1-4EA7-AE7E-1446B1101899}.Release|Any CPU.Build.0 = Release|Any CPU
	EndGlobalSection
	GlobalSection(SolutionProperties) = preSolution
		HideSolutionNode = FALSE
	EndGlobalSection
	GlobalSection(ExtensibilityGlobals) = postSolution
		SolutionGuid = {AE8B7027-83DC-47E0-BA66-7658B0220192}
	EndGlobalSection
EndGlobal
